
Microsoft Visual Studio Solution File, Format Version 12.00
# Visual Studio Version 17
VisualStudioVersion = 17.6.33829.357
MinimumVisualStudioVersion = 10.0.40219.1
Project("{9A19103F-16F7-4668-BE54-9A1E7A4F7556}") = "GISNA", "GISNA\GISNA.csproj", "{D17D3610-8BDB-42E8-B4B3-61A1F814531C}"
EndProject
Project("{9A19103F-16F7-4668-BE54-9A1E7A4F7556}") = "GISNA.DAL", "Entity.DAL\GISNA.DAL.csproj", "{F43636EE-D2C8-431F-84AC-4432F9D45E2A}"
EndProject
Global
	GlobalSection(SolutionConfigurationPlatforms) = preSolution
		Debug|Any CPU = Debug|Any CPU
		Release|Any CPU = Release|Any CPU
	EndGlobalSection
	GlobalSection(ProjectConfigurationPlatforms) = postSolution
		{D17D3610-8BDB-42E8-B4B3-61A1F814531C}.Debug|Any CPU.ActiveCfg = Debug|Any CPU
		{D17D3610-8BDB-42E8-B4B3-61A1F814531C}.Debug|Any CPU.Build.0 = Debug|Any CPU
		{D17D3610-8BDB-42E8-B4B3-61A1F814531C}.Release|Any CPU.ActiveCfg = Release|Any CPU
		{D17D3610-8BDB-42E8-B4B3-61A1F814531C}.Release|Any CPU.Build.0 = Release|Any CPU
		{F43636EE-D2C8-431F-84AC-4432F9D45E2A}.Debug|Any CPU.ActiveCfg = Debug|Any CPU
		{F43636EE-D2C8-431F-84AC-4432F9D45E2A}.Debug|Any CPU.Build.0 = Debug|Any CPU
		{F43636EE-D2C8-431F-84AC-4432F9D45E2A}.Release|Any CPU.ActiveCfg = Release|Any CPU
		{F43636EE-D2C8-431F-84AC-4432F9D45E2A}.Release|Any CPU.Build.0 = Release|Any CPU
	EndGlobalSection
	GlobalSection(SolutionProperties) = preSolution
		HideSolutionNode = FALSE
	EndGlobalSection
	GlobalSection(ExtensibilityGlobals) = postSolution
		SolutionGuid = {986284FC-8BA2-413A-A22F-2FEE863634B3}
	EndGlobalSection
EndGlobal
