
Microsoft Visual Studio Solution File, Format Version 12.00
# Visual Studio Version 17
VisualStudioVersion = 17.6.33829.357
MinimumVisualStudioVersion = 10.0.40219.1
Project("{FAE04EC0-301F-11D3-BF4B-00C04F79EFBC}") = "Web", "Web\Web.csproj", "{DAD257FE-6744-49F1-B25C-2A88A6705FF6}"
EndProject
Global
	GlobalSection(SolutionConfigurationPlatforms) = preSolution
		Debug|Any CPU = Debug|Any CPU
		Release|Any CPU = Release|Any CPU
	EndGlobalSection
	GlobalSection(ProjectConfigurationPlatforms) = postSolution
		{DAD257FE-6744-49F1-B25C-2A88A6705FF6}.Debug|Any CPU.ActiveCfg = Debug|Any CPU
		{DAD257FE-6744-49F1-B25C-2A88A6705FF6}.Debug|Any CPU.Build.0 = Debug|Any CPU
		{DAD257FE-6744-49F1-B25C-2A88A6705FF6}.Release|Any CPU.ActiveCfg = Release|Any CPU
		{DAD257FE-6744-49F1-B25C-2A88A6705FF6}.Release|Any CPU.Build.0 = Release|Any CPU
	EndGlobalSection
	GlobalSection(SolutionProperties) = preSolution
		HideSolutionNode = FALSE
	EndGlobalSection
	GlobalSection(ExtensibilityGlobals) = postSolution
		SolutionGuid = {7E445987-9427-491A-AD6F-4D8D94558E7F}
	EndGlobalSection
EndGlobal
